
Microsoft Visual Studio Solution File, Format Version 10.00
# Visual Studio 2008
Project("{8BC9CEB8-8B4A-11D0-8D11-00A0C91BC942}") = "ICamViewSDL", "ICamViewSDL.vcproj", "{4671D41B-E923-4E11-90AA-9E47191B8DDB}"
EndProject
Global
	GlobalSection(SolutionConfigurationPlatforms) = preSolution
		Debug|Win32 = Debug|Win32
		Release|Win32 = Release|Win32
	EndGlobalSection
	GlobalSection(ProjectConfigurationPlatforms) = postSolution
		{4671D41B-E923-4E11-90AA-9E47191B8DDB}.Debug|Win32.ActiveCfg = Debug|Win32
		{4671D41B-E923-4E11-90AA-9E47191B8DDB}.Debug|Win32.Build.0 = Debug|Win32
		{4671D41B-E923-4E11-90AA-9E47191B8DDB}.Release|Win32.ActiveCfg = Release|Win32
		{4671D41B-E923-4E11-90AA-9E47191B8DDB}.Release|Win32.Build.0 = Release|Win32
	EndGlobalSection
	GlobalSection(SolutionProperties) = preSolution
		HideSolutionNode = FALSE
	EndGlobalSection
EndGlobal
